
Microsoft Visual Studio Solution File, Format Version 12.00
# Visual Studio Version 16
VisualStudioVersion = 16.0.29215.179
MinimumVisualStudioVersion = 10.0.40219.1
Project("{8BC9CEB8-8B4A-11D0-8D11-00A0C91BC942}") = "RuelasCastillo_A4P5", "RuelasCastillo_A4P5\RuelasCastillo_A4P5.vcxproj", "{8BEA9D70-D771-43F1-A317-C22E21FEB7F7}"
EndProject
Global
	GlobalSection(SolutionConfigurationPlatforms) = preSolution
		Debug|x64 = Debug|x64
		Debug|x86 = Debug|x86
		Release|x64 = Release|x64
		Release|x86 = Release|x86
	EndGlobalSection
	GlobalSection(ProjectConfigurationPlatforms) = postSolution
		{8BEA9D70-D771-43F1-A317-C22E21FEB7F7}.Debug|x64.ActiveCfg = Debug|x64
		{8BEA9D70-D771-43F1-A317-C22E21FEB7F7}.Debug|x64.Build.0 = Debug|x64
		{8BEA9D70-D771-43F1-A317-C22E21FEB7F7}.Debug|x86.ActiveCfg = Debug|Win32
		{8BEA9D70-D771-43F1-A317-C22E21FEB7F7}.Debug|x86.Build.0 = Debug|Win32
		{8BEA9D70-D771-43F1-A317-C22E21FEB7F7}.Release|x64.ActiveCfg = Release|x64
		{8BEA9D70-D771-43F1-A317-C22E21FEB7F7}.Release|x64.Build.0 = Release|x64
		{8BEA9D70-D771-43F1-A317-C22E21FEB7F7}.Release|x86.ActiveCfg = Release|Win32
		{8BEA9D70-D771-43F1-A317-C22E21FEB7F7}.Release|x86.Build.0 = Release|Win32
	EndGlobalSection
	GlobalSection(SolutionProperties) = preSolution
		HideSolutionNode = FALSE
	EndGlobalSection
	GlobalSection(ExtensibilityGlobals) = postSolution
		SolutionGuid = {F3A0B9C5-3889-457E-862E-00973C94B830}
	EndGlobalSection
EndGlobal
